// !$*UTF8*$!
{
	archiveVersion = 1;
	classes = {
	};
	objectVersion = 50;
	objects = {

/* Begin PBXBuildFile section */
		9304AEC62485A30200589C37 /* AppDelegate.swift in Sources */ = {isa = PBXBuildFile; fileRef = 9304AEC52485A30200589C37 /* AppDelegate.swift */; };
		9304AEC82485A30200589C37 /* SceneDelegate.swift in Sources */ = {isa = PBXBuildFile; fileRef = 9304AEC72485A30200589C37 /* SceneDelegate.swift */; };
		9304AECA2485A30200589C37 /* ViewController.swift in Sources */ = {isa = PBXBuildFile; fileRef = 9304AEC92485A30200589C37 /* ViewController.swift */; };
		9304AECF2485A30200589C37 /* Assets.xcassets in Resources */ = {isa = PBXBuildFile; fileRef = 9304AECE2485A30200589C37 /* Assets.xcassets */; };
		9304AED22485A30200589C37 /* LaunchScreen.storyboard in Resources */ = {isa = PBXBuildFile; fileRef = 9304AED02485A30200589C37 /* LaunchScreen.storyboard */; };
		9304AEE02485B27B00589C37 /* HomePresenter.swift in Sources */ = {isa = PBXBuildFile; fileRef = 9304AED92485B27B00589C37 /* HomePresenter.swift */; };
		9304AEE12485B27B00589C37 /* HomeLocalDataManager.swift in Sources */ = {isa = PBXBuildFile; fileRef = 9304AEDA2485B27B00589C37 /* HomeLocalDataManager.swift */; };
		9304AEE22485B27B00589C37 /* HomeProtocols.swift in Sources */ = {isa = PBXBuildFile; fileRef = 9304AEDB2485B27B00589C37 /* HomeProtocols.swift */; };
		9304AEE32485B27B00589C37 /* HomeInteractor.swift in Sources */ = {isa = PBXBuildFile; fileRef = 9304AEDC2485B27B00589C37 /* HomeInteractor.swift */; };
		9304AEE42485B27B00589C37 /* HomeView.swift in Sources */ = {isa = PBXBuildFile; fileRef = 9304AEDD2485B27B00589C37 /* HomeView.swift */; };
		9304AEE52485B27B00589C37 /* HomeRemoteDataManager.swift in Sources */ = {isa = PBXBuildFile; fileRef = 9304AEDE2485B27B00589C37 /* HomeRemoteDataManager.swift */; };
		9304AEE62485B27B00589C37 /* HomeRouter.swift in Sources */ = {isa = PBXBuildFile; fileRef = 9304AEDF2485B27B00589C37 /* HomeRouter.swift */; };
		93384EF5248AA7D300003AE3 /* CategoryURL.swift in Sources */ = {isa = PBXBuildFile; fileRef = 93384EF4248AA7D300003AE3 /* CategoryURL.swift */; };
		93384EF7248AAE7F00003AE3 /* DatoURL.swift in Sources */ = {isa = PBXBuildFile; fileRef = 93384EF6248AAE7F00003AE3 /* DatoURL.swift */; };
		93384F00248AF30700003AE3 /* DetailPresenter.swift in Sources */ = {isa = PBXBuildFile; fileRef = 93384EF9248AF30700003AE3 /* DetailPresenter.swift */; };
		93384F01248AF30700003AE3 /* DetailLocalDataManager.swift in Sources */ = {isa = PBXBuildFile; fileRef = 93384EFA248AF30700003AE3 /* DetailLocalDataManager.swift */; };
		93384F02248AF30700003AE3 /* DetailRouter.swift in Sources */ = {isa = PBXBuildFile; fileRef = 93384EFB248AF30700003AE3 /* DetailRouter.swift */; };
		93384F03248AF30700003AE3 /* DetailProtocols.swift in Sources */ = {isa = PBXBuildFile; fileRef = 93384EFC248AF30700003AE3 /* DetailProtocols.swift */; };
		93384F04248AF30700003AE3 /* DetailInteractor.swift in Sources */ = {isa = PBXBuildFile; fileRef = 93384EFD248AF30700003AE3 /* DetailInteractor.swift */; };
		93384F05248AF30700003AE3 /* DetailView.swift in Sources */ = {isa = PBXBuildFile; fileRef = 93384EFE248AF30700003AE3 /* DetailView.swift */; };
		93384F06248AF30700003AE3 /* DetailRemoteDataManager.swift in Sources */ = {isa = PBXBuildFile; fileRef = 93384EFF248AF30700003AE3 /* DetailRemoteDataManager.swift */; };
/* End PBXBuildFile section */

/* Begin PBXFileReference section */
		9304AEC22485A30200589C37 /* VIPERapp.app */ = {isa = PBXFileReference; explicitFileType = wrapper.application; includeInIndex = 0; path = VIPERapp.app; sourceTree = BUILT_PRODUCTS_DIR; };
		9304AEC52485A30200589C37 /* AppDelegate.swift */ = {isa = PBXFileReference; lastKnownFileType = sourcecode.swift; path = AppDelegate.swift; sourceTree = "<group>"; };
		9304AEC72485A30200589C37 /* SceneDelegate.swift */ = {isa = PBXFileReference; lastKnownFileType = sourcecode.swift; path = SceneDelegate.swift; sourceTree = "<group>"; };
		9304AEC92485A30200589C37 /* ViewController.swift */ = {isa = PBXFileReference; lastKnownFileType = sourcecode.swift; path = ViewController.swift; sourceTree = "<group>"; };
		9304AECE2485A30200589C37 /* Assets.xcassets */ = {isa = PBXFileReference; lastKnownFileType = folder.assetcatalog; path = Assets.xcassets; sourceTree = "<group>"; };
		9304AED12485A30200589C37 /* Base */ = {isa = PBXFileReference; lastKnownFileType = file.storyboard; name = Base; path = Base.lproj/LaunchScreen.storyboard; sourceTree = "<group>"; };
		9304AED32485A30200589C37 /* Info.plist */ = {isa = PBXFileReference; lastKnownFileType = text.plist.xml; path = Info.plist; sourceTree = "<group>"; };
		9304AED92485B27B00589C37 /* HomePresenter.swift */ = {isa = PBXFileReference; lastKnownFileType = sourcecode.swift; name = HomePresenter.swift; path = ../HomePresenter.swift; sourceTree = "<group>"; };
		9304AEDA2485B27B00589C37 /* HomeLocalDataManager.swift */ = {isa = PBXFileReference; lastKnownFileType = sourcecode.swift; name = HomeLocalDataManager.swift; path = ../HomeLocalDataManager.swift; sourceTree = "<group>"; };
		9304AEDB2485B27B00589C37 /* HomeProtocols.swift */ = {isa = PBXFileReference; lastKnownFileType = sourcecode.swift; name = HomeProtocols.swift; path = ../HomeProtocols.swift; sourceTree = "<group>"; };
		9304AEDC2485B27B00589C37 /* HomeInteractor.swift */ = {isa = PBXFileReference; lastKnownFileType = sourcecode.swift; name = HomeInteractor.swift; path = ../HomeInteractor.swift; sourceTree = "<group>"; };
		9304AEDD2485B27B00589C37 /* HomeView.swift */ = {isa = PBXFileReference; lastKnownFileType = sourcecode.swift; name = HomeView.swift; path = ../HomeView.swift; sourceTree = "<group>"; };
		9304AEDE2485B27B00589C37 /* HomeRemoteDataManager.swift */ = {isa = PBXFileReference; lastKnownFileType = sourcecode.swift; name = HomeRemoteDataManager.swift; path = ../HomeRemoteDataManager.swift; sourceTree = "<group>"; };
		9304AEDF2485B27B00589C37 /* HomeRouter.swift */ = {isa = PBXFileReference; lastKnownFileType = sourcecode.swift; name = HomeRouter.swift; path = ../HomeRouter.swift; sourceTree = "<group>"; };
		93384EF4248AA7D300003AE3 /* CategoryURL.swift */ = {isa = PBXFileReference; lastKnownFileType = sourcecode.swift; path = CategoryURL.swift; sourceTree = "<group>"; };
		93384EF6248AAE7F00003AE3 /* DatoURL.swift */ = {isa = PBXFileReference; lastKnownFileType = sourcecode.swift; path = DatoURL.swift; sourceTree = "<group>"; };
		93384EF9248AF30700003AE3 /* DetailPresenter.swift */ = {isa = PBXFileReference; lastKnownFileType = sourcecode.swift; path = DetailPresenter.swift; sourceTree = "<group>"; };
		93384EFA248AF30700003AE3 /* DetailLocalDataManager.swift */ = {isa = PBXFileReference; lastKnownFileType = sourcecode.swift; path = DetailLocalDataManager.swift; sourceTree = "<group>"; };
		93384EFB248AF30700003AE3 /* DetailRouter.swift */ = {isa = PBXFileReference; lastKnownFileType = sourcecode.swift; path = DetailRouter.swift; sourceTree = "<group>"; };
		93384EFC248AF30700003AE3 /* DetailProtocols.swift */ = {isa = PBXFileReference; lastKnownFileType = sourcecode.swift; path = DetailProtocols.swift; sourceTree = "<group>"; };
		93384EFD248AF30700003AE3 /* DetailInteractor.swift */ = {isa = PBXFileReference; lastKnownFileType = sourcecode.swift; path = DetailInteractor.swift; sourceTree = "<group>"; };
		93384EFE248AF30700003AE3 /* DetailView.swift */ = {isa = PBXFileReference; lastKnownFileType = sourcecode.swift; path = DetailView.swift; sourceTree = "<group>"; };
		93384EFF248AF30700003AE3 /* DetailRemoteDataManager.swift */ = {isa = PBXFileReference; lastKnownFileType = sourcecode.swift; path = DetailRemoteDataManager.swift; sourceTree = "<group>"; };
/* End PBXFileReference section */

/* Begin PBXFrameworksBuildPhase section */
		9304AEBF2485A30200589C37 /* Frameworks */ = {
			isa = PBXFrameworksBuildPhase;
			buildActionMask = 2147483647;
			files = (
			);
			runOnlyForDeploymentPostprocessing = 0;
		};
/* End PBXFrameworksBuildPhase section */

/* Begin PBXGroup section */
		9304AEB92485A30100589C37 = {
			isa = PBXGroup;
			children = (
				9304AEC42485A30200589C37 /* VIPERapp */,
				9304AEC32485A30200589C37 /* Products */,
			);
			sourceTree = "<group>";
		};
		9304AEC32485A30200589C37 /* Products */ = {
			isa = PBXGroup;
			children = (
				9304AEC22485A30200589C37 /* VIPERapp.app */,
			);
			name = Products;
			sourceTree = "<group>";
		};
		9304AEC42485A30200589C37 /* VIPERapp */ = {
			isa = PBXGroup;
			children = (
				9304AEC52485A30200589C37 /* AppDelegate.swift */,
				9304AEC72485A30200589C37 /* SceneDelegate.swift */,
				9304AEC92485A30200589C37 /* ViewController.swift */,
				9304AECE2485A30200589C37 /* Assets.xcassets */,
				9304AED02485A30200589C37 /* LaunchScreen.storyboard */,
				9304AED32485A30200589C37 /* Info.plist */,
				93384F07248AF30D00003AE3 /* Detail */,
				9304AEE72485B29C00589C37 /* HomeView */,
			);
			path = VIPERapp;
			sourceTree = "<group>";
		};
		9304AEE72485B29C00589C37 /* HomeView */ = {
			isa = PBXGroup;
			children = (
				9304AED92485B27B00589C37 /* HomePresenter.swift */,
				9304AEDA2485B27B00589C37 /* HomeLocalDataManager.swift */,
				9304AEDB2485B27B00589C37 /* HomeProtocols.swift */,
				9304AEDC2485B27B00589C37 /* HomeInteractor.swift */,
				9304AEDD2485B27B00589C37 /* HomeView.swift */,
				9304AEDE2485B27B00589C37 /* HomeRemoteDataManager.swift */,
				9304AEDF2485B27B00589C37 /* HomeRouter.swift */,
				93384EF4248AA7D300003AE3 /* CategoryURL.swift */,
				93384EF6248AAE7F00003AE3 /* DatoURL.swift */,
			);
			path = HomeView;
			sourceTree = "<group>";
		};
		93384F07248AF30D00003AE3 /* Detail */ = {
			isa = PBXGroup;
			children = (
				93384EF9248AF30700003AE3 /* DetailPresenter.swift */,
				93384EFA248AF30700003AE3 /* DetailLocalDataManager.swift */,
				93384EFB248AF30700003AE3 /* DetailRouter.swift */,
				93384EFC248AF30700003AE3 /* DetailProtocols.swift */,
				93384EFD248AF30700003AE3 /* DetailInteractor.swift */,
				93384EFE248AF30700003AE3 /* DetailView.swift */,
				93384EFF248AF30700003AE3 /* DetailRemoteDataManager.swift */,
			);
			path = Detail;
			sourceTree = "<group>";
		};
/* End PBXGroup section */

/* Begin PBXNativeTarget section */
		9304AEC12485A30200589C37 /* VIPERapp */ = {
			isa = PBXNativeTarget;
			buildConfigurationList = 9304AED62485A30200589C37 /* Build configuration list for PBXNativeTarget "VIPERapp" */;
			buildPhases = (
				9304AEBE2485A30200589C37 /* Sources */,
				9304AEBF2485A30200589C37 /* Frameworks */,
				9304AEC02485A30200589C37 /* Resources */,
			);
			buildRules = (
			);
			dependencies = (
			);
			name = VIPERapp;
			productName = VIPERapp;
			productReference = 9304AEC22485A30200589C37 /* VIPERapp.app */;
			productType = "com.apple.product-type.application";
		};
/* End PBXNativeTarget section */

/* Begin PBXProject section */
		9304AEBA2485A30100589C37 /* Project object */ = {
			isa = PBXProject;
			attributes = {
				LastSwiftUpdateCheck = 1120;
				LastUpgradeCheck = 1120;
				ORGANIZATIONNAME = "Ezequiel Barreto";
				TargetAttributes = {
					9304AEC12485A30200589C37 = {
						CreatedOnToolsVersion = 11.2.1;
					};
				};
			};
			buildConfigurationList = 9304AEBD2485A30200589C37 /* Build configuration list for PBXProject "VIPERapp" */;
			compatibilityVersion = "Xcode 9.3";
			developmentRegion = en;
			hasScannedForEncodings = 0;
			knownRegions = (
				en,
				Base,
			);
			mainGroup = 9304AEB92485A30100589C37;
			productRefGroup = 9304AEC32485A30200589C37 /* Products */;
			projectDirPath = "";
			projectRoot = "";
			targets = (
				9304AEC12485A30200589C37 /* VIPERapp */,
			);
		};
/* End PBXProject section */

/* Begin PBXResourcesBuildPhase section */
		9304AEC02485A30200589C37 /* Resources */ = {
			isa = PBXResourcesBuildPhase;
			buildActionMask = 2147483647;
			files = (
				9304AED22485A30200589C37 /* LaunchScreen.storyboard in Resources */,
				9304AECF2485A30200589C37 /* Assets.xcassets in Resources */,
			);
			runOnlyForDeploymentPostprocessing = 0;
		};
/* End PBXResourcesBuildPhase section */

/* Begin PBXSourcesBuildPhase section */
		9304AEBE2485A30200589C37 /* Sources */ = {
			isa = PBXSourcesBuildPhase;
			buildActionMask = 2147483647;
			files = (
				93384F02248AF30700003AE3 /* DetailRouter.swift in Sources */,
				93384F05248AF30700003AE3 /* DetailView.swift in Sources */,
				9304AECA2485A30200589C37 /* ViewController.swift in Sources */,
				9304AEC62485A30200589C37 /* AppDelegate.swift in Sources */,
				93384EF5248AA7D300003AE3 /* CategoryURL.swift in Sources */,
				93384EF7248AAE7F00003AE3 /* DatoURL.swift in Sources */,
				9304AEE12485B27B00589C37 /* HomeLocalDataManager.swift in Sources */,
				9304AEC82485A30200589C37 /* SceneDelegate.swift in Sources */,
				9304AEE22485B27B00589C37 /* HomeProtocols.swift in Sources */,
				93384F03248AF30700003AE3 /* DetailProtocols.swift in Sources */,
				9304AEE42485B27B00589C37 /* HomeView.swift in Sources */,
				93384F01248AF30700003AE3 /* DetailLocalDataManager.swift in Sources */,
				9304AEE52485B27B00589C37 /* HomeRemoteDataManager.swift in Sources */,
				9304AEE02485B27B00589C37 /* HomePresenter.swift in Sources */,
				93384F04248AF30700003AE3 /* DetailInteractor.swift in Sources */,
				93384F00248AF30700003AE3 /* DetailPresenter.swift in Sources */,
				9304AEE32485B27B00589C37 /* HomeInteractor.swift in Sources */,
				9304AEE62485B27B00589C37 /* HomeRouter.swift in Sources */,
				93384F06248AF30700003AE3 /* DetailRemoteDataManager.swift in Sources */,
			);
			runOnlyForDeploymentPostprocessing = 0;
		};
/* End PBXSourcesBuildPhase section */

/* Begin PBXVariantGroup section */
		9304AED02485A30200589C37 /* LaunchScreen.storyboard */ = {
			isa = PBXVariantGroup;
			children = (
				9304AED12485A30200589C37 /* Base */,
			);
			name = LaunchScreen.storyboard;
			sourceTree = "<group>";
		};
/* End PBXVariantGroup section */

/* Begin XCBuildConfiguration section */
		9304AED42485A30200589C37 /* Debug */ = {
			isa = XCBuildConfiguration;
			buildSettings = {
				ALWAYS_SEARCH_USER_PATHS = NO;
				CLANG_ANALYZER_NONNULL = YES;
				CLANG_ANALYZER_NUMBER_OBJECT_CONVERSION = YES_AGGRESSIVE;
				CLANG_CXX_LANGUAGE_STANDARD = "gnu++14";
				CLANG_CXX_LIBRARY = "libc++";
				CLANG_ENABLE_MODULES = YES;
				CLANG_ENABLE_OBJC_ARC = YES;
				CLANG_ENABLE_OBJC_WEAK = YES;
				CLANG_WARN_BLOCK_CAPTURE_AUTORELEASING = YES;
				CLANG_WARN_BOOL_CONVERSION = YES;
				CLANG_WARN_COMMA = YES;
				CLANG_WARN_CONSTANT_CONVERSION = YES;
				CLANG_WARN_DEPRECATED_OBJC_IMPLEMENTATIONS = YES;
				CLANG_WARN_DIRECT_OBJC_ISA_USAGE = YES_ERROR;
				CLANG_WARN_DOCUMENTATION_COMMENTS = YES;
				CLANG_WARN_EMPTY_BODY = YES;
				CLANG_WARN_ENUM_CONVERSION = YES;
				CLANG_WARN_INFINITE_RECURSION = YES;
				CLANG_WARN_INT_CONVERSION = YES;
				CLANG_WARN_NON_LITERAL_NULL_CONVERSION = YES;
				CLANG_WARN_OBJC_IMPLICIT_RETAIN_SELF = YES;
				CLANG_WARN_OBJC_LITERAL_CONVERSION = YES;
				CLANG_WARN_OBJC_ROOT_CLASS = YES_ERROR;
				CLANG_WARN_RANGE_LOOP_ANALYSIS = YES;
				CLANG_WARN_STRICT_PROTOTYPES = YES;
				CLANG_WARN_SUSPICIOUS_MOVE = YES;
				CLANG_WARN_UNGUARDED_AVAILABILITY = YES_AGGRESSIVE;
				CLANG_WARN_UNREACHABLE_CODE = YES;
				CLANG_WARN__DUPLICATE_METHOD_MATCH = YES;
				COPY_PHASE_STRIP = NO;
				DEBUG_INFORMATION_FORMAT = dwarf;
				ENABLE_STRICT_OBJC_MSGSEND = YES;
				ENABLE_TESTABILITY = YES;
				GCC_C_LANGUAGE_STANDARD = gnu11;
				GCC_DYNAMIC_NO_PIC = NO;
				GCC_NO_COMMON_BLOCKS = YES;
				GCC_OPTIMIZATION_LEVEL = 0;
				GCC_PREPROCESSOR_DEFINITIONS = (
					"DEBUG=1",
					"$(inherited)",
				);
				GCC_WARN_64_TO_32_BIT_CONVERSION = YES;
				GCC_WARN_ABOUT_RETURN_TYPE = YES_ERROR;
				GCC_WARN_UNDECLARED_SELECTOR = YES;
				GCC_WARN_UNINITIALIZED_AUTOS = YES_AGGRESSIVE;
				GCC_WARN_UNUSED_FUNCTION = YES;
				GCC_WARN_UNUSED_VARIABLE = YES;
				IPHONEOS_DEPLOYMENT_TARGET = 13.2;
				MTL_ENABLE_DEBUG_INFO = INCLUDE_SOURCE;
				MTL_FAST_MATH = YES;
				ONLY_ACTIVE_ARCH = YES;
				SDKROOT = iphoneos;
				SWIFT_ACTIVE_COMPILATION_CONDITIONS = DEBUG;
				SWIFT_OPTIMIZATION_LEVEL = "-Onone";
			};
			name = Debug;
		};
		9304AED52485A30200589C37 /* Release */ = {
			isa = XCBuildConfiguration;
			buildSettings = {
				ALWAYS_SEARCH_USER_PATHS = NO;
				CLANG_ANALYZER_NONNULL = YES;
				CLANG_ANALYZER_NUMBER_OBJECT_CONVERSION = YES_AGGRESSIVE;
				CLANG_CXX_LANGUAGE_STANDARD = "gnu++14";
				CLANG_CXX_LIBRARY = "libc++";
				CLANG_ENABLE_MODULES = YES;
				CLANG_ENABLE_OBJC_ARC = YES;
				CLANG_ENABLE_OBJC_WEAK = YES;
				CLANG_WARN_BLOCK_CAPTURE_AUTORELEASING = YES;
				CLANG_WARN_BOOL_CONVERSION = YES;
				CLANG_WARN_COMMA = YES;
				CLANG_WARN_CONSTANT_CONVERSION = YES;
				CLANG_WARN_DEPRECATED_OBJC_IMPLEMENTATIONS = YES;
				CLANG_WARN_DIRECT_OBJC_ISA_USAGE = YES_ERROR;
				CLANG_WARN_DOCUMENTATION_COMMENTS = YES;
				CLANG_WARN_EMPTY_BODY = YES;
				CLANG_WARN_ENUM_CONVERSION = YES;
				CLANG_WARN_INFINITE_RECURSION = YES;
				CLANG_WARN_INT_CONVERSION = YES;
				CLANG_WARN_NON_LITERAL_NULL_CONVERSION = YES;
				CLANG_WARN_OBJC_IMPLICIT_RETAIN_SELF = YES;
				CLANG_WARN_OBJC_LITERAL_CONVERSION = YES;
				CLANG_WARN_OBJC_ROOT_CLASS = YES_ERROR;
				CLANG_WARN_RANGE_LOOP_ANALYSIS = YES;
				CLANG_WARN_STRICT_PROTOTYPES = YES;
				CLANG_WARN_SUSPICIOUS_MOVE = YES;
				CLANG_WARN_UNGUARDED_AVAILABILITY = YES_AGGRESSIVE;
				CLANG_WARN_UNREACHABLE_CODE = YES;
				CLANG_WARN__DUPLICATE_METHOD_MATCH = YES;
				COPY_PHASE_STRIP = NO;
				DEBUG_INFORMATION_FORMAT = "dwarf-with-dsym";
				ENABLE_NS_ASSERTIONS = NO;
				ENABLE_STRICT_OBJC_MSGSEND = YES;
				GCC_C_LANGUAGE_STANDARD = gnu11;
				GCC_NO_COMMON_BLOCKS = YES;
				GCC_WARN_64_TO_32_BIT_CONVERSION = YES;
				GCC_WARN_ABOUT_RETURN_TYPE = YES_ERROR;
				GCC_WARN_UNDECLARED_SELECTOR = YES;
				GCC_WARN_UNINITIALIZED_AUTOS = YES_AGGRESSIVE;
				GCC_WARN_UNUSED_FUNCTION = YES;
				GCC_WARN_UNUSED_VARIABLE = YES;
				IPHONEOS_DEPLOYMENT_TARGET = 13.2;
				MTL_ENABLE_DEBUG_INFO = NO;
				MTL_FAST_MATH = YES;
				SDKROOT = iphoneos;
				SWIFT_COMPILATION_MODE = wholemodule;
				SWIFT_OPTIMIZATION_LEVEL = "-O";
				VALIDATE_PRODUCT = YES;
			};
			name = Release;
		};
		9304AED72485A30200589C37 /* Debug */ = {
			isa = XCBuildConfiguration;
			buildSettings = {
				ASSETCATALOG_COMPILER_APPICON_NAME = AppIcon;
				CODE_SIGN_STYLE = Automatic;
				DEVELOPMENT_TEAM = 5CAN8GD86W;
				INFOPLIST_FILE = VIPERapp/Info.plist;
				LD_RUNPATH_SEARCH_PATHS = (
					"$(inherited)",
					"@executable_path/Frameworks",
				);
				PRODUCT_BUNDLE_IDENTIFIER = ezequiel.barreto.VIPERapp;
				PRODUCT_NAME = "$(TARGET_NAME)";
				SWIFT_VERSION = 5.0;
				TARGETED_DEVICE_FAMILY = "1,2";
			};
			name = Debug;
		};
		9304AED82485A30200589C37 /* Release */ = {
			isa = XCBuildConfiguration;
			buildSettings = {
				ASSETCATALOG_COMPILER_APPICON_NAME = AppIcon;
				CODE_SIGN_STYLE = Automatic;
				DEVELOPMENT_TEAM = 5CAN8GD86W;
				INFOPLIST_FILE = VIPERapp/Info.plist;
				LD_RUNPATH_SEARCH_PATHS = (
					"$(inherited)",
					"@executable_path/Frameworks",
				);
				PRODUCT_BUNDLE_IDENTIFIER = ezequiel.barreto.VIPERapp;
				PRODUCT_NAME = "$(TARGET_NAME)";
				SWIFT_VERSION = 5.0;
				TARGETED_DEVICE_FAMILY = "1,2";
			};
			name = Release;
		};
/* End XCBuildConfiguration section */

/* Begin XCConfigurationList section */
		9304AEBD2485A30200589C37 /* Build configuration list for PBXProject "VIPERapp" */ = {
			isa = XCConfigurationList;
			buildConfigurations = (
				9304AED42485A30200589C37 /* Debug */,
				9304AED52485A30200589C37 /* Release */,
			);
			defaultConfigurationIsVisible = 0;
			defaultConfigurationName = Release;
		};
		9304AED62485A30200589C37 /* Build configuration list for PBXNativeTarget "VIPERapp" */ = {
			isa = XCConfigurationList;
			buildConfigurations = (
				9304AED72485A30200589C37 /* Debug */,
				9304AED82485A30200589C37 /* Release */,
			);
			defaultConfigurationIsVisible = 0;
			defaultConfigurationName = Release;
		};
/* End XCConfigurationList section */
	};
	rootObject = 9304AEBA2485A30100589C37 /* Project object */;
}
